<?xml version="1.0" encoding="utf-8"?>
<Project ToolsVersion="4.0" xmlns="http://schemas.microsoft.com/developer/msbuild/2003">
  <ItemGroup>
    <Filter Include="Source">
      <UniqueIdentifier>{489c93f6-6ffa-4e56-a4fb-f89fbb329ff7}</UniqueIdentifier>
    </Filter>
  </ItemGroup>
  <ItemGroup>
    <ClInclude Include="..\test\catch.hpp">
      <Filter>Source</Filter>
    </ClInclude>
    <ClInclude Include="..\Source\TileMap.h">
      <Filter>Source</Filter>
    </ClInclude>
  </ItemGroup>
  <ItemGroup>
    <ClCompile Include="TestMain.cpp">
      <Filter>Source</Filter>
    </ClCompile>
    <ClCompile Include="..\test\TileMapTest.cpp">
      <Filter>Source</Filter>
    </ClCompile>
    <ClCompile Include="..\Source\TileMap.cpp">
      <Filter>Source</Filter>
    </ClCompile>
  </ItemGroup>
</Project>