<?xml version="1.0" encoding="utf-8"?>
<Project ToolsVersion="4.0" xmlns="http://schemas.microsoft.com/developer/msbuild/2003">
  <ItemGroup>
    <Image Include="BetweenGames.ico">
      <Filter>Resource</Filter>
    </Image>
    <Image Include="small.ico">
      <Filter>Resource</Filter>
    </Image>
  </ItemGroup>
  <ItemGroup>
    <Filter Include="Resource">
      <UniqueIdentifier>{0b4e245f-a3b1-4437-96a6-258edd080fca}</UniqueIdentifier>
    </Filter>
    <Filter Include="Source">
      <UniqueIdentifier>{7c1df8b7-9578-4aa3-a983-5a60edf893f6}</UniqueIdentifier>
    </Filter>
    <Filter Include="Source\System">
      <UniqueIdentifier>{ac5d79b7-f00c-47e1-ac4e-5c719f698576}</UniqueIdentifier>
    </Filter>
    <Filter Include="Source\Utils">
      <UniqueIdentifier>{a47c113b-6b7c-476f-a44d-e1a85a54944c}</UniqueIdentifier>
    </Filter>
    <Filter Include="Source\imgui">
      <UniqueIdentifier>{9a20b0ff-5678-4b01-b936-816405b538a1}</UniqueIdentifier>
    </Filter>
    <Filter Include="Source\TileMap">
      <UniqueIdentifier>{79b3af11-9038-4e29-a604-68569f035e4d}</UniqueIdentifier>
    </Filter>
    <Filter Include="Source\Game">
      <UniqueIdentifier>{1c8db9c6-32de-43b2-98e4-60f40ebde124}</UniqueIdentifier>
    </Filter>
    <Filter Include="Source\UI">
      <UniqueIdentifier>{237186c2-737f-49ae-86c9-98ffbcc6fe05}</UniqueIdentifier>
    </Filter>
    <Filter Include="Source\Game\States">
      <UniqueIdentifier>{48af0065-2b24-42ca-8d2f-be86d2f4ff56}</UniqueIdentifier>
    </Filter>
    <Filter Include="Source\Game\Generators">
      <UniqueIdentifier>{6fe3d56f-7233-4bcb-b9a5-13b3a4c7ed31}</UniqueIdentifier>
    </Filter>
    <Filter Include="Source\Game\Data">
      <UniqueIdentifier>{2ba73f64-eec3-4d4e-b4bb-7e031a528c5b}</UniqueIdentifier>
    </Filter>
    <Filter Include="Source\Game\Components">
      <UniqueIdentifier>{d432e1a3-d81e-4359-b666-805e751b4fdf}</UniqueIdentifier>
    </Filter>
    <Filter Include="Source\Net">
      <UniqueIdentifier>{34ae6ace-a736-4c21-947d-906bedfece09}</UniqueIdentifier>
    </Filter>
    <Filter Include="Source\Game\Actions">
      <UniqueIdentifier>{317f6c0d-0011-442d-94e4-32408ff74b72}</UniqueIdentifier>
    </Filter>
  </ItemGroup>
  <ItemGroup>
    <ResourceCompile Include="BetweenGames.rc">
      <Filter>Resource</Filter>
    </ResourceCompile>
  </ItemGroup>
  <ItemGroup>
    <ClCompile Include="..\Source\BetweenGames.cpp">
      <Filter>Source</Filter>
    </ClCompile>
    <ClCompile Include="..\Source\OpenGLWrap.cpp">
      <Filter>Source\System</Filter>
    </ClCompile>
    <ClCompile Include="..\Source\imgui\imgui.cpp">
      <Filter>Source\imgui</Filter>
    </ClCompile>
    <ClCompile Include="..\Source\imgui\imgui_demo.cpp">
      <Filter>Source\imgui</Filter>
    </ClCompile>
    <ClCompile Include="..\Source\imgui\imgui_draw.cpp">
      <Filter>Source\imgui</Filter>
    </ClCompile>
    <ClCompile Include="..\Source\Window.cpp">
      <Filter>Source\System</Filter>
    </ClCompile>
    <ClCompile Include="..\Source\Atlas.cpp">
      <Filter>Source\System</Filter>
    </ClCompile>
    <ClCompile Include="..\Source\RenderImgui.cpp">
      <Filter>Source\UI</Filter>
    </ClCompile>
    <ClCompile Include="..\Source\TileMap.cpp">
      <Filter>Source\TileMap</Filter>
    </ClCompile>
    <ClCompile Include="..\Source\RenderSprites.cpp">
      <Filter>Source\TileMap</Filter>
    </ClCompile>
    <ClCompile Include="..\Source\GameState.cpp">
      <Filter>Source\Game</Filter>
    </ClCompile>
    <ClCompile Include="..\Source\PauseMenuState.cpp">
      <Filter>Source\Game\States</Filter>
    </ClCompile>
    <ClCompile Include="..\Source\MainMenuState.cpp">
      <Filter>Source\Game\States</Filter>
    </ClCompile>
    <ClCompile Include="..\Source\GameSceneState.cpp">
      <Filter>Source\Game\States</Filter>
    </ClCompile>
    <ClCompile Include="..\Source\InputState.cpp">
      <Filter>Source\Game</Filter>
    </ClCompile>
    <ClCompile Include="..\Source\GameMapView.cpp">
      <Filter>Source\Game</Filter>
    </ClCompile>
    <ClCompile Include="..\Source\TestRoomMapGenerator.cpp">
      <Filter>Source\Game\Generators</Filter>
    </ClCompile>
    <ClCompile Include="..\Source\Actor.cpp">
      <Filter>Source\Game\Components</Filter>
    </ClCompile>
    <ClCompile Include="..\Source\Player.cpp">
      <Filter>Source\Game\Components</Filter>
    </ClCompile>
    <ClCompile Include="..\Source\Mob.cpp">
      <Filter>Source\Game\Components</Filter>
    </ClCompile>
    <ClCompile Include="..\Source\Action.cpp">
      <Filter>Source\Game\Actions</Filter>
    </ClCompile>
    <ClCompile Include="..\Source\Server.cpp">
      <Filter>Source\Net</Filter>
    </ClCompile>
  </ItemGroup>
  <ItemGroup>
    <ClInclude Include="..\Source\Common.h">
      <Filter>Source</Filter>
    </ClInclude>
    <ClInclude Include="..\Source\RenderLayer.h">
      <Filter>Source\System</Filter>
    </ClInclude>
    <ClInclude Include="..\Source\nocopy.h">
      <Filter>Source\Utils</Filter>
    </ClInclude>
    <ClInclude Include="..\Source\OpenGLWrap.h">
      <Filter>Source\System</Filter>
    </ClInclude>
    <ClInclude Include="..\Source\imgui\imconfig.h">
      <Filter>Source\imgui</Filter>
    </ClInclude>
    <ClInclude Include="..\Source\imgui\imgui.h">
      <Filter>Source\imgui</Filter>
    </ClInclude>
    <ClInclude Include="..\Source\imgui\imgui_internal.h">
      <Filter>Source\imgui</Filter>
    </ClInclude>
    <ClInclude Include="..\Source\Window.h">
      <Filter>Source\System</Filter>
    </ClInclude>
    <ClInclude Include="..\Source\Atlas.h">
      <Filter>Source\System</Filter>
    </ClInclude>
    <ClInclude Include="..\Source\RenderImgui.h">
      <Filter>Source\UI</Filter>
    </ClInclude>
    <ClInclude Include="..\Source\TileMap.h">
      <Filter>Source\TileMap</Filter>
    </ClInclude>
    <ClInclude Include="..\Source\Array2D.h">
      <Filter>Source\Utils</Filter>
    </ClInclude>
    <ClInclude Include="..\Source\PerlinNoise.h">
      <Filter>Source\Utils</Filter>
    </ClInclude>
    <ClInclude Include="..\Source\RandomUtils.h">
      <Filter>Source\Utils</Filter>
    </ClInclude>
    <ClInclude Include="..\Source\targetver.h">
      <Filter>Source</Filter>
    </ClInclude>
    <ClInclude Include="..\Source\RenderSprites.h">
      <Filter>Source\TileMap</Filter>
    </ClInclude>
    <ClInclude Include="..\Source\GameState.h">
      <Filter>Source\Game</Filter>
    </ClInclude>
    <ClInclude Include="..\Source\PauseMenuState.h">
      <Filter>Source\Game\States</Filter>
    </ClInclude>
    <ClInclude Include="..\Source\MainMenuState.h">
      <Filter>Source\Game\States</Filter>
    </ClInclude>
    <ClInclude Include="..\Source\GameSceneState.h">
      <Filter>Source\Game\States</Filter>
    </ClInclude>
    <ClInclude Include="..\Source\InputState.h">
      <Filter>Source\Game</Filter>
    </ClInclude>
    <ClInclude Include="..\Source\GameMapView.h">
      <Filter>Source\Game</Filter>
    </ClInclude>
    <ClInclude Include="..\Source\MapGenerator.h">
      <Filter>Source\Game\Generators</Filter>
    </ClInclude>
    <ClInclude Include="..\Source\TestRoomMapGenerator.h">
      <Filter>Source\Game\Generators</Filter>
    </ClInclude>
    <ClInclude Include="..\Source\Actor.h">
      <Filter>Source\Game\Components</Filter>
    </ClInclude>
    <ClInclude Include="..\Source\Direction.h">
      <Filter>Source\Utils</Filter>
    </ClInclude>
    <ClInclude Include="..\Source\Player.h">
      <Filter>Source\Game\Components</Filter>
    </ClInclude>
    <ClInclude Include="..\Source\Mob.h">
      <Filter>Source\Game\Components</Filter>
    </ClInclude>
    <ClInclude Include="..\Source\Action.h">
      <Filter>Source\Game\Actions</Filter>
    </ClInclude>
    <ClInclude Include="..\Source\Server.h">
      <Filter>Source\Net</Filter>
    </ClInclude>
  </ItemGroup>
</Project>