<?xml version="1.0" encoding="utf-8"?>
<Project ToolsVersion="4.0" xmlns="http://schemas.microsoft.com/developer/msbuild/2003">
  <ItemGroup>
    <Filter Include="Source">
      <UniqueIdentifier>{4FC737F1-C7A5-4376-A066-2A32D752A2FF}</UniqueIdentifier>
      <Extensions>cpp;c;cc;cxx;def;odl;idl;hpj;bat;asm;asmx</Extensions>
    </Filter>
    <Filter Include="Source\imgui">
      <UniqueIdentifier>{834791ad-531a-403a-873f-0f898e48cde8}</UniqueIdentifier>
    </Filter>
  </ItemGroup>
  <ItemGroup>
    <ClCompile Include="..\Source\Ability.cpp">
      <Filter>Source</Filter>
    </ClCompile>
    <ClCompile Include="..\Source\GameState.cpp">
      <Filter>Source</Filter>
    </ClCompile>
    <ClCompile Include="..\Source\Generator.cpp">
      <Filter>Source</Filter>
    </ClCompile>
    <ClCompile Include="..\Source\Item.cpp">
      <Filter>Source</Filter>
    </ClCompile>
    <ClCompile Include="..\Source\ItemGenerator.cpp">
      <Filter>Source</Filter>
    </ClCompile>
    <ClCompile Include="..\Source\Mob.cpp">
      <Filter>Source</Filter>
    </ClCompile>
    <ClCompile Include="..\Source\MobGenerator.cpp">
      <Filter>Source</Filter>
    </ClCompile>
    <ClCompile Include="..\Source\Player.cpp">
      <Filter>Source</Filter>
    </ClCompile>
    <ClCompile Include="..\Source\Rogue7drl.cpp">
      <Filter>Source</Filter>
    </ClCompile>
    <ClCompile Include="..\Source\TileMap.cpp">
      <Filter>Source</Filter>
    </ClCompile>
    <ClCompile Include="..\Source\imgui\imgui.cpp">
      <Filter>Source\imgui</Filter>
    </ClCompile>
    <ClCompile Include="..\Source\imgui\imgui_demo.cpp">
      <Filter>Source\imgui</Filter>
    </ClCompile>
    <ClCompile Include="..\Source\imgui\imgui_draw.cpp">
      <Filter>Source\imgui</Filter>
    </ClCompile>
    <ClCompile Include="..\Source\imgui\imgui-SFML.cpp">
      <Filter>Source\imgui</Filter>
    </ClCompile>
    <ClCompile Include="..\Source\GUI.cpp">
      <Filter>Source</Filter>
    </ClCompile>
    <ClCompile Include="..\Source\i18n.cpp">
      <Filter>Source</Filter>
    </ClCompile>
    <ClCompile Include="..\Source\BattleManager.cpp">
      <Filter>Source</Filter>
    </ClCompile>
    <ClCompile Include="..\Source\Monster.cpp">
      <Filter>Source</Filter>
    </ClCompile>
    <ClCompile Include="..\Source\MonsterAI.cpp">
      <Filter>Source</Filter>
    </ClCompile>
  </ItemGroup>
  <ItemGroup>
    <ClInclude Include="..\Source\Ability.h">
      <Filter>Source</Filter>
    </ClInclude>
    <ClInclude Include="..\Source\GameState.h">
      <Filter>Source</Filter>
    </ClInclude>
    <ClInclude Include="..\Source\Generator.h">
      <Filter>Source</Filter>
    </ClInclude>
    <ClInclude Include="..\Source\Item.h">
      <Filter>Source</Filter>
    </ClInclude>
    <ClInclude Include="..\Source\ItemGenerator.h">
      <Filter>Source</Filter>
    </ClInclude>
    <ClInclude Include="..\Source\Mob.h">
      <Filter>Source</Filter>
    </ClInclude>
    <ClInclude Include="..\Source\MobGenerator.h">
      <Filter>Source</Filter>
    </ClInclude>
    <ClInclude Include="..\Source\Player.h">
      <Filter>Source</Filter>
    </ClInclude>
    <ClInclude Include="..\Source\TileMap.h">
      <Filter>Source</Filter>
    </ClInclude>
    <ClInclude Include="..\Source\Types.h">
      <Filter>Source</Filter>
    </ClInclude>
    <ClInclude Include="..\Source\imgui\imconfig.h">
      <Filter>Source\imgui</Filter>
    </ClInclude>
    <ClInclude Include="..\Source\imgui\imgui.h">
      <Filter>Source\imgui</Filter>
    </ClInclude>
    <ClInclude Include="..\Source\imgui\imgui_internal.h">
      <Filter>Source\imgui</Filter>
    </ClInclude>
    <ClInclude Include="..\Source\imgui\imgui-SFML.h">
      <Filter>Source\imgui</Filter>
    </ClInclude>
    <ClInclude Include="..\Source\imgui\stb_rect_pack.h">
      <Filter>Source\imgui</Filter>
    </ClInclude>
    <ClInclude Include="..\Source\imgui\stb_textedit.h">
      <Filter>Source\imgui</Filter>
    </ClInclude>
    <ClInclude Include="..\Source\imgui\stb_truetype.h">
      <Filter>Source\imgui</Filter>
    </ClInclude>
    <ClInclude Include="..\Source\GUI.h">
      <Filter>Source</Filter>
    </ClInclude>
    <ClInclude Include="..\Source\i18n.h">
      <Filter>Source</Filter>
    </ClInclude>
    <ClInclude Include="..\Source\BattleManager.h">
      <Filter>Source</Filter>
    </ClInclude>
    <ClInclude Include="..\Source\Monster.h">
      <Filter>Source</Filter>
    </ClInclude>
    <ClInclude Include="..\Source\MonsterAI.h">
      <Filter>Source</Filter>
    </ClInclude>
  </ItemGroup>
</Project>